
Microsoft Visual Studio Solution File, Format Version 12.00
# Visual Studio Version 17
VisualStudioVersion = 17.1.32328.378
MinimumVisualStudioVersion = 10.0.40219.1
Project("{2150E333-8FDC-42A3-9474-1A3956D46DE8}") = "src", "src", "{491B7DE6-F1CB-48D4-AC82-3CA7C003B1A9}"
EndProject
Project("{6EC3EE1D-3C4E-46DD-8F32-0CC8E7565705}") = "FsSpec.Core", "src\FsSpec.Core\FsSpec.Core.fsproj", "{22DCC2C8-2BDE-40D9-A381-0FA1EC19B894}"
EndProject
Project("{9A19103F-16F7-4668-BE54-9A1E7A4F7556}") = "Documentation", "doc\Documentation.csproj", "{670AC2F1-13ED-46D1-B97E-757309814217}"
EndProject
Project("{2150E333-8FDC-42A3-9474-1A3956D46DE8}") = "tests", "tests", "{F4ECB5CD-28FD-4490-BA80-1B01FB10D104}"
EndProject
Project("{6EC3EE1D-3C4E-46DD-8F32-0CC8E7565705}") = "CoreTests", "tests\CoreTests\CoreTests.fsproj", "{E376F9B9-82FA-477E-8EB2-D55AE210AF15}"
EndProject
Project("{6EC3EE1D-3C4E-46DD-8F32-0CC8E7565705}") = "FsSpec.FsCheck", "src\FsSpec.FsCheck\FsSpec.FsCheck.fsproj", "{DDE2DC84-DA4C-4A72-BAA2-78B78A80720C}"
EndProject
Project("{2150E333-8FDC-42A3-9474-1A3956D46DE8}") = "Solution Items", "Solution Items", "{9E9B532B-ABE5-4DE2-B0E9-DA510CB239A9}"
	ProjectSection(SolutionItems) = preProject
		.gitignore = .gitignore
		.github\workflows\ci.yml = .github\workflows\ci.yml
		.github\workflows\internal-package.yml = .github\workflows\internal-package.yml
		nuget.config = nuget.config
	EndProjectSection
EndProject
Global
	GlobalSection(SolutionConfigurationPlatforms) = preSolution
		Debug|Any CPU = Debug|Any CPU
		Debug|x64 = Debug|x64
		Debug|x86 = Debug|x86
		Release|Any CPU = Release|Any CPU
		Release|x64 = Release|x64
		Release|x86 = Release|x86
	EndGlobalSection
	GlobalSection(ProjectConfigurationPlatforms) = postSolution
		{22DCC2C8-2BDE-40D9-A381-0FA1EC19B894}.Debug|Any CPU.ActiveCfg = Debug|Any CPU
		{22DCC2C8-2BDE-40D9-A381-0FA1EC19B894}.Debug|Any CPU.Build.0 = Debug|Any CPU
		{22DCC2C8-2BDE-40D9-A381-0FA1EC19B894}.Debug|x64.ActiveCfg = Debug|Any CPU
		{22DCC2C8-2BDE-40D9-A381-0FA1EC19B894}.Debug|x64.Build.0 = Debug|Any CPU
		{22DCC2C8-2BDE-40D9-A381-0FA1EC19B894}.Debug|x86.ActiveCfg = Debug|Any CPU
		{22DCC2C8-2BDE-40D9-A381-0FA1EC19B894}.Debug|x86.Build.0 = Debug|Any CPU
		{22DCC2C8-2BDE-40D9-A381-0FA1EC19B894}.Release|Any CPU.ActiveCfg = Release|Any CPU
		{22DCC2C8-2BDE-40D9-A381-0FA1EC19B894}.Release|Any CPU.Build.0 = Release|Any CPU
		{22DCC2C8-2BDE-40D9-A381-0FA1EC19B894}.Release|x64.ActiveCfg = Release|Any CPU
		{22DCC2C8-2BDE-40D9-A381-0FA1EC19B894}.Release|x64.Build.0 = Release|Any CPU
		{22DCC2C8-2BDE-40D9-A381-0FA1EC19B894}.Release|x86.ActiveCfg = Release|Any CPU
		{22DCC2C8-2BDE-40D9-A381-0FA1EC19B894}.Release|x86.Build.0 = Release|Any CPU
		{670AC2F1-13ED-46D1-B97E-757309814217}.Debug|Any CPU.ActiveCfg = Debug|Any CPU
		{670AC2F1-13ED-46D1-B97E-757309814217}.Debug|Any CPU.Build.0 = Debug|Any CPU
		{670AC2F1-13ED-46D1-B97E-757309814217}.Debug|x64.ActiveCfg = Debug|Any CPU
		{670AC2F1-13ED-46D1-B97E-757309814217}.Debug|x64.Build.0 = Debug|Any CPU
		{670AC2F1-13ED-46D1-B97E-757309814217}.Debug|x86.ActiveCfg = Debug|Any CPU
		{670AC2F1-13ED-46D1-B97E-757309814217}.Debug|x86.Build.0 = Debug|Any CPU
		{670AC2F1-13ED-46D1-B97E-757309814217}.Release|Any CPU.ActiveCfg = Release|Any CPU
		{670AC2F1-13ED-46D1-B97E-757309814217}.Release|Any CPU.Build.0 = Release|Any CPU
		{670AC2F1-13ED-46D1-B97E-757309814217}.Release|x64.ActiveCfg = Release|Any CPU
		{670AC2F1-13ED-46D1-B97E-757309814217}.Release|x64.Build.0 = Release|Any CPU
		{670AC2F1-13ED-46D1-B97E-757309814217}.Release|x86.ActiveCfg = Release|Any CPU
		{670AC2F1-13ED-46D1-B97E-757309814217}.Release|x86.Build.0 = Release|Any CPU
		{E376F9B9-82FA-477E-8EB2-D55AE210AF15}.Debug|Any CPU.ActiveCfg = Debug|Any CPU
		{E376F9B9-82FA-477E-8EB2-D55AE210AF15}.Debug|Any CPU.Build.0 = Debug|Any CPU
		{E376F9B9-82FA-477E-8EB2-D55AE210AF15}.Debug|x64.ActiveCfg = Debug|Any CPU
		{E376F9B9-82FA-477E-8EB2-D55AE210AF15}.Debug|x64.Build.0 = Debug|Any CPU
		{E376F9B9-82FA-477E-8EB2-D55AE210AF15}.Debug|x86.ActiveCfg = Debug|Any CPU
		{E376F9B9-82FA-477E-8EB2-D55AE210AF15}.Debug|x86.Build.0 = Debug|Any CPU
		{E376F9B9-82FA-477E-8EB2-D55AE210AF15}.Release|Any CPU.ActiveCfg = Release|Any CPU
		{E376F9B9-82FA-477E-8EB2-D55AE210AF15}.Release|Any CPU.Build.0 = Release|Any CPU
		{E376F9B9-82FA-477E-8EB2-D55AE210AF15}.Release|x64.ActiveCfg = Release|Any CPU
		{E376F9B9-82FA-477E-8EB2-D55AE210AF15}.Release|x64.Build.0 = Release|Any CPU
		{E376F9B9-82FA-477E-8EB2-D55AE210AF15}.Release|x86.ActiveCfg = Release|Any CPU
		{E376F9B9-82FA-477E-8EB2-D55AE210AF15}.Release|x86.Build.0 = Release|Any CPU
		{DDE2DC84-DA4C-4A72-BAA2-78B78A80720C}.Debug|Any CPU.ActiveCfg = Debug|Any CPU
		{DDE2DC84-DA4C-4A72-BAA2-78B78A80720C}.Debug|Any CPU.Build.0 = Debug|Any CPU
		{DDE2DC84-DA4C-4A72-BAA2-78B78A80720C}.Debug|x64.ActiveCfg = Debug|Any CPU
		{DDE2DC84-DA4C-4A72-BAA2-78B78A80720C}.Debug|x64.Build.0 = Debug|Any CPU
		{DDE2DC84-DA4C-4A72-BAA2-78B78A80720C}.Debug|x86.ActiveCfg = Debug|Any CPU
		{DDE2DC84-DA4C-4A72-BAA2-78B78A80720C}.Debug|x86.Build.0 = Debug|Any CPU
		{DDE2DC84-DA4C-4A72-BAA2-78B78A80720C}.Release|Any CPU.ActiveCfg = Release|Any CPU
		{DDE2DC84-DA4C-4A72-BAA2-78B78A80720C}.Release|Any CPU.Build.0 = Release|Any CPU
		{DDE2DC84-DA4C-4A72-BAA2-78B78A80720C}.Release|x64.ActiveCfg = Release|Any CPU
		{DDE2DC84-DA4C-4A72-BAA2-78B78A80720C}.Release|x64.Build.0 = Release|Any CPU
		{DDE2DC84-DA4C-4A72-BAA2-78B78A80720C}.Release|x86.ActiveCfg = Release|Any CPU
		{DDE2DC84-DA4C-4A72-BAA2-78B78A80720C}.Release|x86.Build.0 = Release|Any CPU
	EndGlobalSection
	GlobalSection(SolutionProperties) = preSolution
		HideSolutionNode = FALSE
	EndGlobalSection
	GlobalSection(NestedProjects) = preSolution
		{22DCC2C8-2BDE-40D9-A381-0FA1EC19B894} = {491B7DE6-F1CB-48D4-AC82-3CA7C003B1A9}
		{E376F9B9-82FA-477E-8EB2-D55AE210AF15} = {F4ECB5CD-28FD-4490-BA80-1B01FB10D104}
		{DDE2DC84-DA4C-4A72-BAA2-78B78A80720C} = {491B7DE6-F1CB-48D4-AC82-3CA7C003B1A9}
	EndGlobalSection
	GlobalSection(ExtensibilityGlobals) = postSolution
		SolutionGuid = {D4976917-2197-4042-B58D-0E98D4361EC5}
	EndGlobalSection
EndGlobal
